Microsoft Visual Studio Solution File, Format Version 11.00
# Visual Studio 2008

Project("{7B3169A1-3B36-0DF3-98B5-8E7FAFC7A2ED}") = "COMP305-MailPilot", "Assembly-CSharp.csproj", "{B243E4EC-1CDB-7982-9E3B-B71432FCA475}"
EndProject
Global
	GlobalSection(SolutionConfigurationPlatforms) = preSolution
		Debug|Any CPU = Debug|Any CPU
		Release|Any CPU = Release|Any CPU
	EndGlobalSection
	GlobalSection(ProjectConfigurationPlatforms) = postSolution
		{B243E4EC-1CDB-7982-9E3B-B71432FCA475}.Debug|Any CPU.ActiveCfg = Debug|Any CPU
		{B243E4EC-1CDB-7982-9E3B-B71432FCA475}.Debug|Any CPU.Build.0 = Debug|Any CPU
		{B243E4EC-1CDB-7982-9E3B-B71432FCA475}.Release|Any CPU.ActiveCfg = Release|Any CPU
		{B243E4EC-1CDB-7982-9E3B-B71432FCA475}.Release|Any CPU.Build.0 = Release|Any CPU
	EndGlobalSection
	GlobalSection(SolutionProperties) = preSolution
		HideSolutionNode = FALSE
	EndGlobalSection
	GlobalSection(MonoDevelopProperties) = preSolution
		StartupItem = Assembly-CSharp.csproj
	EndGlobalSection
EndGlobal
